
Microsoft Visual Studio Solution File, Format Version 12.00
# Visual Studio Version 16
VisualStudioVersion = 16.0.32428.217
MinimumVisualStudioVersion = 10.0.40219.1
Project("{FAE04EC0-301F-11D3-BF4B-00C04F79EFBC}") = "WpfApp1", "WpfApp1\WpfApp1.csproj", "{40D46550-84AB-4E9B-85BB-14F85EF8BB41}"
EndProject
Global
	GlobalSection(SolutionConfigurationPlatforms) = preSolution
		Debug|Any CPU = Debug|Any CPU
		Release|Any CPU = Release|Any CPU
	EndGlobalSection
	GlobalSection(ProjectConfigurationPlatforms) = postSolution
		{40D46550-84AB-4E9B-85BB-14F85EF8BB41}.Debug|Any CPU.ActiveCfg = Debug|Any CPU
		{40D46550-84AB-4E9B-85BB-14F85EF8BB41}.Debug|Any CPU.Build.0 = Debug|Any CPU
		{40D46550-84AB-4E9B-85BB-14F85EF8BB41}.Release|Any CPU.ActiveCfg = Release|Any CPU
		{40D46550-84AB-4E9B-85BB-14F85EF8BB41}.Release|Any CPU.Build.0 = Release|Any CPU
	EndGlobalSection
	GlobalSection(SolutionProperties) = preSolution
		HideSolutionNode = FALSE
	EndGlobalSection
	GlobalSection(ExtensibilityGlobals) = postSolution
		SolutionGuid = {B4D2E71C-3FF3-480B-B69E-2D4D12A4BACD}
	EndGlobalSection
EndGlobal
